<?xml version="1.0" encoding="utf-8"?>
<Project ToolsVersion="16.0" xmlns="http://schemas.microsoft.com/developer/msbuild/2003">
  <ItemGroup>
    <ClCompile Include="C:\Users\Windows Vista\untitled_fps\lib\glfw-3.3.4\src\context.c">
      <Filter>Source Files</Filter>
    </ClCompile>
    <ClCompile Include="C:\Users\Windows Vista\untitled_fps\lib\glfw-3.3.4\src\init.c">
      <Filter>Source Files</Filter>
    </ClCompile>
    <ClCompile Include="C:\Users\Windows Vista\untitled_fps\lib\glfw-3.3.4\src\input.c">
      <Filter>Source Files</Filter>
    </ClCompile>
    <ClCompile Include="C:\Users\Windows Vista\untitled_fps\lib\glfw-3.3.4\src\monitor.c">
      <Filter>Source Files</Filter>
    </ClCompile>
    <ClCompile Include="C:\Users\Windows Vista\untitled_fps\lib\glfw-3.3.4\src\vulkan.c">
      <Filter>Source Files</Filter>
    </ClCompile>
    <ClCompile Include="C:\Users\Windows Vista\untitled_fps\lib\glfw-3.3.4\src\window.c">
      <Filter>Source Files</Filter>
    </ClCompile>
    <ClCompile Include="C:\Users\Windows Vista\untitled_fps\lib\glfw-3.3.4\src\win32_init.c">
      <Filter>Source Files</Filter>
    </ClCompile>
    <ClCompile Include="C:\Users\Windows Vista\untitled_fps\lib\glfw-3.3.4\src\win32_joystick.c">
      <Filter>Source Files</Filter>
    </ClCompile>
    <ClCompile Include="C:\Users\Windows Vista\untitled_fps\lib\glfw-3.3.4\src\win32_monitor.c">
      <Filter>Source Files</Filter>
    </ClCompile>
    <ClCompile Include="C:\Users\Windows Vista\untitled_fps\lib\glfw-3.3.4\src\win32_time.c">
      <Filter>Source Files</Filter>
    </ClCompile>
    <ClCompile Include="C:\Users\Windows Vista\untitled_fps\lib\glfw-3.3.4\src\win32_thread.c">
      <Filter>Source Files</Filter>
    </ClCompile>
    <ClCompile Include="C:\Users\Windows Vista\untitled_fps\lib\glfw-3.3.4\src\win32_window.c">
      <Filter>Source Files</Filter>
    </ClCompile>
    <ClCompile Include="C:\Users\Windows Vista\untitled_fps\lib\glfw-3.3.4\src\wgl_context.c">
      <Filter>Source Files</Filter>
    </ClCompile>
    <ClCompile Include="C:\Users\Windows Vista\untitled_fps\lib\glfw-3.3.4\src\egl_context.c">
      <Filter>Source Files</Filter>
    </ClCompile>
    <ClCompile Include="C:\Users\Windows Vista\untitled_fps\lib\glfw-3.3.4\src\osmesa_context.c">
      <Filter>Source Files</Filter>
    </ClCompile>
  </ItemGroup>
  <ItemGroup>
    <ClInclude Include="C:\Users\Windows Vista\untitled_fps\lib\glfw-3.3.4\src\internal.h">
      <Filter>Header Files</Filter>
    </ClInclude>
    <ClInclude Include="C:\Users\Windows Vista\untitled_fps\lib\glfw-3.3.4\src\mappings.h">
      <Filter>Header Files</Filter>
    </ClInclude>
    <ClInclude Include="C:\Users\Windows Vista\untitled_fps\lib\glfw-3.3.4\src\glfw_config.h">
      <Filter>Header Files</Filter>
    </ClInclude>
    <ClInclude Include="C:\Users\Windows Vista\untitled_fps\lib\glfw-3.3.4\include\GLFW\glfw3.h">
      <Filter>Header Files</Filter>
    </ClInclude>
    <ClInclude Include="C:\Users\Windows Vista\untitled_fps\lib\glfw-3.3.4\include\GLFW\glfw3native.h">
      <Filter>Header Files</Filter>
    </ClInclude>
    <ClInclude Include="C:\Users\Windows Vista\untitled_fps\lib\glfw-3.3.4\src\win32_platform.h">
      <Filter>Header Files</Filter>
    </ClInclude>
    <ClInclude Include="C:\Users\Windows Vista\untitled_fps\lib\glfw-3.3.4\src\win32_joystick.h">
      <Filter>Header Files</Filter>
    </ClInclude>
    <ClInclude Include="C:\Users\Windows Vista\untitled_fps\lib\glfw-3.3.4\src\wgl_context.h">
      <Filter>Header Files</Filter>
    </ClInclude>
    <ClInclude Include="C:\Users\Windows Vista\untitled_fps\lib\glfw-3.3.4\src\egl_context.h">
      <Filter>Header Files</Filter>
    </ClInclude>
    <ClInclude Include="C:\Users\Windows Vista\untitled_fps\lib\glfw-3.3.4\src\osmesa_context.h">
      <Filter>Header Files</Filter>
    </ClInclude>
  </ItemGroup>
  <ItemGroup>
    <CustomBuild Include="C:\Users\Windows Vista\untitled_fps\lib\glfw-3.3.4\src\CMakeLists.txt" />
  </ItemGroup>
  <ItemGroup>
    <Filter Include="Header Files">
      <UniqueIdentifier>{F8FC04F8-7C36-3E58-AD18-30CD9582729A}</UniqueIdentifier>
    </Filter>
    <Filter Include="Source Files">
      <UniqueIdentifier>{D28D8D45-1A6E-35A3-A41A-CDD800FD149C}</UniqueIdentifier>
    </Filter>
  </ItemGroup>
</Project>
