<?xml version="1.0" encoding="utf-8"?>
<Project ToolsVersion="16.0" xmlns="http://schemas.microsoft.com/developer/msbuild/2003">
  <ItemGroup>
    <ClCompile Include="C:\Users\Windows Vista\untitled_fps\lib\openal-soft\examples\altonegen.c">
      <Filter>Source Files</Filter>
    </ClCompile>
  </ItemGroup>
  <ItemGroup>
    <CustomBuild Include="C:\Users\Windows Vista\untitled_fps\lib\openal-soft\CMakeLists.txt" />
  </ItemGroup>
  <ItemGroup>
    <Filter Include="Source Files">
      <UniqueIdentifier>{D28D8D45-1A6E-35A3-A41A-CDD800FD149C}</UniqueIdentifier>
    </Filter>
  </ItemGroup>
</Project>
