<?xml version="1.0" encoding="utf-8"?>
<Project ToolsVersion="16.0" xmlns="http://schemas.microsoft.com/developer/msbuild/2003">
  <ItemGroup>
    <ClCompile Include="C:\Users\Windows Vista\untitled_fps\lib\openal-soft\common\alcomplex.cpp">
      <Filter>Source Files</Filter>
    </ClCompile>
    <ClCompile Include="C:\Users\Windows Vista\untitled_fps\lib\openal-soft\common\alfstream.cpp">
      <Filter>Source Files</Filter>
    </ClCompile>
    <ClCompile Include="C:\Users\Windows Vista\untitled_fps\lib\openal-soft\common\almalloc.cpp">
      <Filter>Source Files</Filter>
    </ClCompile>
    <ClCompile Include="C:\Users\Windows Vista\untitled_fps\lib\openal-soft\common\alstring.cpp">
      <Filter>Source Files</Filter>
    </ClCompile>
    <ClCompile Include="C:\Users\Windows Vista\untitled_fps\lib\openal-soft\common\dynload.cpp">
      <Filter>Source Files</Filter>
    </ClCompile>
    <ClCompile Include="C:\Users\Windows Vista\untitled_fps\lib\openal-soft\common\polyphase_resampler.cpp">
      <Filter>Source Files</Filter>
    </ClCompile>
    <ClCompile Include="C:\Users\Windows Vista\untitled_fps\lib\openal-soft\common\ringbuffer.cpp">
      <Filter>Source Files</Filter>
    </ClCompile>
    <ClCompile Include="C:\Users\Windows Vista\untitled_fps\lib\openal-soft\common\strutils.cpp">
      <Filter>Source Files</Filter>
    </ClCompile>
    <ClCompile Include="C:\Users\Windows Vista\untitled_fps\lib\openal-soft\common\threads.cpp">
      <Filter>Source Files</Filter>
    </ClCompile>
  </ItemGroup>
  <ItemGroup>
    <ClInclude Include="C:\Users\Windows Vista\untitled_fps\lib\openal-soft\common\albit.h">
      <Filter>Header Files</Filter>
    </ClInclude>
    <ClInclude Include="C:\Users\Windows Vista\untitled_fps\lib\openal-soft\common\albyte.h">
      <Filter>Header Files</Filter>
    </ClInclude>
    <ClInclude Include="C:\Users\Windows Vista\untitled_fps\lib\openal-soft\common\alcomplex.h">
      <Filter>Header Files</Filter>
    </ClInclude>
    <ClInclude Include="C:\Users\Windows Vista\untitled_fps\lib\openal-soft\common\aldeque.h">
      <Filter>Header Files</Filter>
    </ClInclude>
    <ClInclude Include="C:\Users\Windows Vista\untitled_fps\lib\openal-soft\common\alfstream.h">
      <Filter>Header Files</Filter>
    </ClInclude>
    <ClInclude Include="C:\Users\Windows Vista\untitled_fps\lib\openal-soft\common\almalloc.h">
      <Filter>Header Files</Filter>
    </ClInclude>
    <ClInclude Include="C:\Users\Windows Vista\untitled_fps\lib\openal-soft\common\alnumeric.h">
      <Filter>Header Files</Filter>
    </ClInclude>
    <ClInclude Include="C:\Users\Windows Vista\untitled_fps\lib\openal-soft\common\aloptional.h">
      <Filter>Header Files</Filter>
    </ClInclude>
    <ClInclude Include="C:\Users\Windows Vista\untitled_fps\lib\openal-soft\common\alspan.h">
      <Filter>Header Files</Filter>
    </ClInclude>
    <ClInclude Include="C:\Users\Windows Vista\untitled_fps\lib\openal-soft\common\alstring.h">
      <Filter>Header Files</Filter>
    </ClInclude>
    <ClInclude Include="C:\Users\Windows Vista\untitled_fps\lib\openal-soft\common\atomic.h">
      <Filter>Header Files</Filter>
    </ClInclude>
    <ClInclude Include="C:\Users\Windows Vista\untitled_fps\lib\openal-soft\common\comptr.h">
      <Filter>Header Files</Filter>
    </ClInclude>
    <ClInclude Include="C:\Users\Windows Vista\untitled_fps\lib\openal-soft\common\dynload.h">
      <Filter>Header Files</Filter>
    </ClInclude>
    <ClInclude Include="C:\Users\Windows Vista\untitled_fps\lib\openal-soft\common\intrusive_ptr.h">
      <Filter>Header Files</Filter>
    </ClInclude>
    <ClInclude Include="C:\Users\Windows Vista\untitled_fps\lib\openal-soft\common\math_defs.h">
      <Filter>Header Files</Filter>
    </ClInclude>
    <ClInclude Include="C:\Users\Windows Vista\untitled_fps\lib\openal-soft\common\opthelpers.h">
      <Filter>Header Files</Filter>
    </ClInclude>
    <ClInclude Include="C:\Users\Windows Vista\untitled_fps\lib\openal-soft\common\phase_shifter.h">
      <Filter>Header Files</Filter>
    </ClInclude>
    <ClInclude Include="C:\Users\Windows Vista\untitled_fps\lib\openal-soft\common\polyphase_resampler.h">
      <Filter>Header Files</Filter>
    </ClInclude>
    <ClInclude Include="C:\Users\Windows Vista\untitled_fps\lib\openal-soft\common\pragmadefs.h">
      <Filter>Header Files</Filter>
    </ClInclude>
    <ClInclude Include="C:\Users\Windows Vista\untitled_fps\lib\openal-soft\common\ringbuffer.h">
      <Filter>Header Files</Filter>
    </ClInclude>
    <ClInclude Include="C:\Users\Windows Vista\untitled_fps\lib\openal-soft\common\strutils.h">
      <Filter>Header Files</Filter>
    </ClInclude>
    <ClInclude Include="C:\Users\Windows Vista\untitled_fps\lib\openal-soft\common\threads.h">
      <Filter>Header Files</Filter>
    </ClInclude>
    <ClInclude Include="C:\Users\Windows Vista\untitled_fps\lib\openal-soft\common\vecmat.h">
      <Filter>Header Files</Filter>
    </ClInclude>
    <ClInclude Include="C:\Users\Windows Vista\untitled_fps\lib\openal-soft\common\vector.h">
      <Filter>Header Files</Filter>
    </ClInclude>
  </ItemGroup>
  <ItemGroup>
    <CustomBuild Include="C:\Users\Windows Vista\untitled_fps\lib\openal-soft\CMakeLists.txt" />
  </ItemGroup>
  <ItemGroup>
    <Filter Include="Header Files">
      <UniqueIdentifier>{F8FC04F8-7C36-3E58-AD18-30CD9582729A}</UniqueIdentifier>
    </Filter>
    <Filter Include="Source Files">
      <UniqueIdentifier>{D28D8D45-1A6E-35A3-A41A-CDD800FD149C}</UniqueIdentifier>
    </Filter>
  </ItemGroup>
</Project>
