
Microsoft Visual Studio Solution File, Format Version 12.00
# Visual Studio Version 16
Project("{2150E333-8FDC-42A3-9474-1A3956D46DE8}") = "CMakePredefinedTargets", "CMakePredefinedTargets", "{FAAEC2CA-37E6-34DA-B066-12D6D78861A6}"
EndProject
Project("{8BC9CEB8-8B4A-11D0-8D11-00A0C91BC942}") = "ALL_BUILD", "ALL_BUILD.vcxproj", "{9B789AAC-9286-37BD-B31C-8D534F187F3C}"
	ProjectSection(ProjectDependencies) = postProject
		{20A26E8D-48C3-3051-8761-610AEEDFEC23} = {20A26E8D-48C3-3051-8761-610AEEDFEC23}
		{ABBAE3C5-9030-3ED9-8373-DBA8D882D4B5} = {ABBAE3C5-9030-3ED9-8373-DBA8D882D4B5}
		{99760E8C-3ADB-37C8-B29A-A37B81C90E20} = {99760E8C-3ADB-37C8-B29A-A37B81C90E20}
		{4D68F269-CD3A-3570-A841-4893A0A14F39} = {4D68F269-CD3A-3570-A841-4893A0A14F39}
		{4E34AEAC-04C8-3286-8F4F-A552E1196667} = {4E34AEAC-04C8-3286-8F4F-A552E1196667}
	EndProjectSection
EndProject
Project("{8BC9CEB8-8B4A-11D0-8D11-00A0C91BC942}") = "INSTALL", "INSTALL.vcxproj", "{7986D9E8-4241-30A9-8E0E-ECF7DAB5D11E}"
	ProjectSection(ProjectDependencies) = postProject
		{9B789AAC-9286-37BD-B31C-8D534F187F3C} = {9B789AAC-9286-37BD-B31C-8D534F187F3C}
		{ABBAE3C5-9030-3ED9-8373-DBA8D882D4B5} = {ABBAE3C5-9030-3ED9-8373-DBA8D882D4B5}
	EndProjectSection
EndProject
Project("{8BC9CEB8-8B4A-11D0-8D11-00A0C91BC942}") = "OpenAL", "OpenAL.vcxproj", "{20A26E8D-48C3-3051-8761-610AEEDFEC23}"
	ProjectSection(ProjectDependencies) = postProject
		{ABBAE3C5-9030-3ED9-8373-DBA8D882D4B5} = {ABBAE3C5-9030-3ED9-8373-DBA8D882D4B5}
		{D0B73B3D-2470-3AA9-B58D-35520ECA02F5} = {D0B73B3D-2470-3AA9-B58D-35520ECA02F5}
	EndProjectSection
EndProject
Project("{8BC9CEB8-8B4A-11D0-8D11-00A0C91BC942}") = "ZERO_CHECK", "..\..\\ZERO_CHECK.vcxproj", "{ABBAE3C5-9030-3ED9-8373-DBA8D882D4B5}"
	ProjectSection(ProjectDependencies) = postProject
	EndProjectSection
EndProject
Project("{8BC9CEB8-8B4A-11D0-8D11-00A0C91BC942}") = "alrecord", "alrecord.vcxproj", "{99760E8C-3ADB-37C8-B29A-A37B81C90E20}"
	ProjectSection(ProjectDependencies) = postProject
		{20A26E8D-48C3-3051-8761-610AEEDFEC23} = {20A26E8D-48C3-3051-8761-610AEEDFEC23}
		{ABBAE3C5-9030-3ED9-8373-DBA8D882D4B5} = {ABBAE3C5-9030-3ED9-8373-DBA8D882D4B5}
		{DF5A7395-5CA1-3A3F-B475-0671693385D8} = {DF5A7395-5CA1-3A3F-B475-0671693385D8}
	EndProjectSection
EndProject
Project("{8BC9CEB8-8B4A-11D0-8D11-00A0C91BC942}") = "altonegen", "altonegen.vcxproj", "{4D68F269-CD3A-3570-A841-4893A0A14F39}"
	ProjectSection(ProjectDependencies) = postProject
		{20A26E8D-48C3-3051-8761-610AEEDFEC23} = {20A26E8D-48C3-3051-8761-610AEEDFEC23}
		{ABBAE3C5-9030-3ED9-8373-DBA8D882D4B5} = {ABBAE3C5-9030-3ED9-8373-DBA8D882D4B5}
		{DF5A7395-5CA1-3A3F-B475-0671693385D8} = {DF5A7395-5CA1-3A3F-B475-0671693385D8}
	EndProjectSection
EndProject
Project("{8BC9CEB8-8B4A-11D0-8D11-00A0C91BC942}") = "common", "common.vcxproj", "{D0B73B3D-2470-3AA9-B58D-35520ECA02F5}"
	ProjectSection(ProjectDependencies) = postProject
		{ABBAE3C5-9030-3ED9-8373-DBA8D882D4B5} = {ABBAE3C5-9030-3ED9-8373-DBA8D882D4B5}
	EndProjectSection
EndProject
Project("{8BC9CEB8-8B4A-11D0-8D11-00A0C91BC942}") = "ex-common", "ex-common.vcxproj", "{DF5A7395-5CA1-3A3F-B475-0671693385D8}"
	ProjectSection(ProjectDependencies) = postProject
		{20A26E8D-48C3-3051-8761-610AEEDFEC23} = {20A26E8D-48C3-3051-8761-610AEEDFEC23}
		{ABBAE3C5-9030-3ED9-8373-DBA8D882D4B5} = {ABBAE3C5-9030-3ED9-8373-DBA8D882D4B5}
	EndProjectSection
EndProject
Project("{8BC9CEB8-8B4A-11D0-8D11-00A0C91BC942}") = "openal-info", "openal-info.vcxproj", "{4E34AEAC-04C8-3286-8F4F-A552E1196667}"
	ProjectSection(ProjectDependencies) = postProject
		{20A26E8D-48C3-3051-8761-610AEEDFEC23} = {20A26E8D-48C3-3051-8761-610AEEDFEC23}
		{ABBAE3C5-9030-3ED9-8373-DBA8D882D4B5} = {ABBAE3C5-9030-3ED9-8373-DBA8D882D4B5}
	EndProjectSection
EndProject
Global
	GlobalSection(SolutionConfigurationPlatforms) = preSolution
		Debug|x64 = Debug|x64
		Release|x64 = Release|x64
		MinSizeRel|x64 = MinSizeRel|x64
		RelWithDebInfo|x64 = RelWithDebInfo|x64
	EndGlobalSection
	GlobalSection(ProjectConfigurationPlatforms) = postSolution
		{9B789AAC-9286-37BD-B31C-8D534F187F3C}.Debug|x64.ActiveCfg = Debug|x64
		{9B789AAC-9286-37BD-B31C-8D534F187F3C}.Debug|x64.Build.0 = Debug|x64
		{9B789AAC-9286-37BD-B31C-8D534F187F3C}.Release|x64.ActiveCfg = Release|x64
		{9B789AAC-9286-37BD-B31C-8D534F187F3C}.Release|x64.Build.0 = Release|x64
		{9B789AAC-9286-37BD-B31C-8D534F187F3C}.MinSizeRel|x64.ActiveCfg = MinSizeRel|x64
		{9B789AAC-9286-37BD-B31C-8D534F187F3C}.MinSizeRel|x64.Build.0 = MinSizeRel|x64
		{9B789AAC-9286-37BD-B31C-8D534F187F3C}.RelWithDebInfo|x64.ActiveCfg = RelWithDebInfo|x64
		{9B789AAC-9286-37BD-B31C-8D534F187F3C}.RelWithDebInfo|x64.Build.0 = RelWithDebInfo|x64
		{7986D9E8-4241-30A9-8E0E-ECF7DAB5D11E}.Debug|x64.ActiveCfg = Debug|x64
		{7986D9E8-4241-30A9-8E0E-ECF7DAB5D11E}.Release|x64.ActiveCfg = Release|x64
		{7986D9E8-4241-30A9-8E0E-ECF7DAB5D11E}.MinSizeRel|x64.ActiveCfg = MinSizeRel|x64
		{7986D9E8-4241-30A9-8E0E-ECF7DAB5D11E}.RelWithDebInfo|x64.ActiveCfg = RelWithDebInfo|x64
		{20A26E8D-48C3-3051-8761-610AEEDFEC23}.Debug|x64.ActiveCfg = Debug|x64
		{20A26E8D-48C3-3051-8761-610AEEDFEC23}.Debug|x64.Build.0 = Debug|x64
		{20A26E8D-48C3-3051-8761-610AEEDFEC23}.Release|x64.ActiveCfg = Release|x64
		{20A26E8D-48C3-3051-8761-610AEEDFEC23}.Release|x64.Build.0 = Release|x64
		{20A26E8D-48C3-3051-8761-610AEEDFEC23}.MinSizeRel|x64.ActiveCfg = MinSizeRel|x64
		{20A26E8D-48C3-3051-8761-610AEEDFEC23}.MinSizeRel|x64.Build.0 = MinSizeRel|x64
		{20A26E8D-48C3-3051-8761-610AEEDFEC23}.RelWithDebInfo|x64.ActiveCfg = RelWithDebInfo|x64
		{20A26E8D-48C3-3051-8761-610AEEDFEC23}.RelWithDebInfo|x64.Build.0 = RelWithDebInfo|x64
		{ABBAE3C5-9030-3ED9-8373-DBA8D882D4B5}.Debug|x64.ActiveCfg = Debug|x64
		{ABBAE3C5-9030-3ED9-8373-DBA8D882D4B5}.Debug|x64.Build.0 = Debug|x64
		{ABBAE3C5-9030-3ED9-8373-DBA8D882D4B5}.Release|x64.ActiveCfg = Release|x64
		{ABBAE3C5-9030-3ED9-8373-DBA8D882D4B5}.Release|x64.Build.0 = Release|x64
		{ABBAE3C5-9030-3ED9-8373-DBA8D882D4B5}.MinSizeRel|x64.ActiveCfg = MinSizeRel|x64
		{ABBAE3C5-9030-3ED9-8373-DBA8D882D4B5}.MinSizeRel|x64.Build.0 = MinSizeRel|x64
		{ABBAE3C5-9030-3ED9-8373-DBA8D882D4B5}.RelWithDebInfo|x64.ActiveCfg = RelWithDebInfo|x64
		{ABBAE3C5-9030-3ED9-8373-DBA8D882D4B5}.RelWithDebInfo|x64.Build.0 = RelWithDebInfo|x64
		{99760E8C-3ADB-37C8-B29A-A37B81C90E20}.Debug|x64.ActiveCfg = Debug|x64
		{99760E8C-3ADB-37C8-B29A-A37B81C90E20}.Debug|x64.Build.0 = Debug|x64
		{99760E8C-3ADB-37C8-B29A-A37B81C90E20}.Release|x64.ActiveCfg = Release|x64
		{99760E8C-3ADB-37C8-B29A-A37B81C90E20}.Release|x64.Build.0 = Release|x64
		{99760E8C-3ADB-37C8-B29A-A37B81C90E20}.MinSizeRel|x64.ActiveCfg = MinSizeRel|x64
		{99760E8C-3ADB-37C8-B29A-A37B81C90E20}.MinSizeRel|x64.Build.0 = MinSizeRel|x64
		{99760E8C-3ADB-37C8-B29A-A37B81C90E20}.RelWithDebInfo|x64.ActiveCfg = RelWithDebInfo|x64
		{99760E8C-3ADB-37C8-B29A-A37B81C90E20}.RelWithDebInfo|x64.Build.0 = RelWithDebInfo|x64
		{4D68F269-CD3A-3570-A841-4893A0A14F39}.Debug|x64.ActiveCfg = Debug|x64
		{4D68F269-CD3A-3570-A841-4893A0A14F39}.Debug|x64.Build.0 = Debug|x64
		{4D68F269-CD3A-3570-A841-4893A0A14F39}.Release|x64.ActiveCfg = Release|x64
		{4D68F269-CD3A-3570-A841-4893A0A14F39}.Release|x64.Build.0 = Release|x64
		{4D68F269-CD3A-3570-A841-4893A0A14F39}.MinSizeRel|x64.ActiveCfg = MinSizeRel|x64
		{4D68F269-CD3A-3570-A841-4893A0A14F39}.MinSizeRel|x64.Build.0 = MinSizeRel|x64
		{4D68F269-CD3A-3570-A841-4893A0A14F39}.RelWithDebInfo|x64.ActiveCfg = RelWithDebInfo|x64
		{4D68F269-CD3A-3570-A841-4893A0A14F39}.RelWithDebInfo|x64.Build.0 = RelWithDebInfo|x64
		{D0B73B3D-2470-3AA9-B58D-35520ECA02F5}.Debug|x64.ActiveCfg = Debug|x64
		{D0B73B3D-2470-3AA9-B58D-35520ECA02F5}.Debug|x64.Build.0 = Debug|x64
		{D0B73B3D-2470-3AA9-B58D-35520ECA02F5}.Release|x64.ActiveCfg = Release|x64
		{D0B73B3D-2470-3AA9-B58D-35520ECA02F5}.Release|x64.Build.0 = Release|x64
		{D0B73B3D-2470-3AA9-B58D-35520ECA02F5}.MinSizeRel|x64.ActiveCfg = MinSizeRel|x64
		{D0B73B3D-2470-3AA9-B58D-35520ECA02F5}.MinSizeRel|x64.Build.0 = MinSizeRel|x64
		{D0B73B3D-2470-3AA9-B58D-35520ECA02F5}.RelWithDebInfo|x64.ActiveCfg = RelWithDebInfo|x64
		{D0B73B3D-2470-3AA9-B58D-35520ECA02F5}.RelWithDebInfo|x64.Build.0 = RelWithDebInfo|x64
		{DF5A7395-5CA1-3A3F-B475-0671693385D8}.Debug|x64.ActiveCfg = Debug|x64
		{DF5A7395-5CA1-3A3F-B475-0671693385D8}.Debug|x64.Build.0 = Debug|x64
		{DF5A7395-5CA1-3A3F-B475-0671693385D8}.Release|x64.ActiveCfg = Release|x64
		{DF5A7395-5CA1-3A3F-B475-0671693385D8}.Release|x64.Build.0 = Release|x64
		{DF5A7395-5CA1-3A3F-B475-0671693385D8}.MinSizeRel|x64.ActiveCfg = MinSizeRel|x64
		{DF5A7395-5CA1-3A3F-B475-0671693385D8}.MinSizeRel|x64.Build.0 = MinSizeRel|x64
		{DF5A7395-5CA1-3A3F-B475-0671693385D8}.RelWithDebInfo|x64.ActiveCfg = RelWithDebInfo|x64
		{DF5A7395-5CA1-3A3F-B475-0671693385D8}.RelWithDebInfo|x64.Build.0 = RelWithDebInfo|x64
		{4E34AEAC-04C8-3286-8F4F-A552E1196667}.Debug|x64.ActiveCfg = Debug|x64
		{4E34AEAC-04C8-3286-8F4F-A552E1196667}.Debug|x64.Build.0 = Debug|x64
		{4E34AEAC-04C8-3286-8F4F-A552E1196667}.Release|x64.ActiveCfg = Release|x64
		{4E34AEAC-04C8-3286-8F4F-A552E1196667}.Release|x64.Build.0 = Release|x64
		{4E34AEAC-04C8-3286-8F4F-A552E1196667}.MinSizeRel|x64.ActiveCfg = MinSizeRel|x64
		{4E34AEAC-04C8-3286-8F4F-A552E1196667}.MinSizeRel|x64.Build.0 = MinSizeRel|x64
		{4E34AEAC-04C8-3286-8F4F-A552E1196667}.RelWithDebInfo|x64.ActiveCfg = RelWithDebInfo|x64
		{4E34AEAC-04C8-3286-8F4F-A552E1196667}.RelWithDebInfo|x64.Build.0 = RelWithDebInfo|x64
	EndGlobalSection
	GlobalSection(NestedProjects) = preSolution
		{9B789AAC-9286-37BD-B31C-8D534F187F3C} = {FAAEC2CA-37E6-34DA-B066-12D6D78861A6}
		{7986D9E8-4241-30A9-8E0E-ECF7DAB5D11E} = {FAAEC2CA-37E6-34DA-B066-12D6D78861A6}
		{ABBAE3C5-9030-3ED9-8373-DBA8D882D4B5} = {FAAEC2CA-37E6-34DA-B066-12D6D78861A6}
	EndGlobalSection
	GlobalSection(ExtensibilityGlobals) = postSolution
		SolutionGuid = {7997E9A1-A9C8-320F-89E3-D92A465F188B}
	EndGlobalSection
	GlobalSection(ExtensibilityAddIns) = postSolution
	EndGlobalSection
EndGlobal
